
Microsoft Visual Studio Solution File, Format Version 12.00
# Visual Studio 15
VisualStudioVersion = 15.0.27703.2042
MinimumVisualStudioVersion = 10.0.40219.1
Project("{FAE04EC0-301F-11D3-BF4B-00C04F79EFBC}") = "civ5-keybinder", "civ5-keybinder\civ5-keybinder.csproj", "{A371234F-AB75-497B-9DC1-1B76E7E57B0F}"
EndProject
Global
	GlobalSection(SolutionConfigurationPlatforms) = preSolution
		Debug|Any CPU = Debug|Any CPU
		Release|Any CPU = Release|Any CPU
	EndGlobalSection
	GlobalSection(ProjectConfigurationPlatforms) = postSolution
		{A371234F-AB75-497B-9DC1-1B76E7E57B0F}.Debug|Any CPU.ActiveCfg = Debug|Any CPU
		{A371234F-AB75-497B-9DC1-1B76E7E57B0F}.Debug|Any CPU.Build.0 = Debug|Any CPU
		{A371234F-AB75-497B-9DC1-1B76E7E57B0F}.Release|Any CPU.ActiveCfg = Release|Any CPU
		{A371234F-AB75-497B-9DC1-1B76E7E57B0F}.Release|Any CPU.Build.0 = Release|Any CPU
	EndGlobalSection
	GlobalSection(SolutionProperties) = preSolution
		HideSolutionNode = FALSE
	EndGlobalSection
	GlobalSection(ExtensibilityGlobals) = postSolution
		SolutionGuid = {5B37998E-1388-4BAF-8927-58F585AEA222}
	EndGlobalSection
EndGlobal
